
Microsoft Visual Studio Solution File, Format Version 12.00
# Visual Studio 15
VisualStudioVersion = 15.0.28307.489
MinimumVisualStudioVersion = 10.0.40219.1
Project("{9A19103F-16F7-4668-BE54-9A1E7A4F7556}") = "ImageTriangles", "ImageTriangles\ImageTriangles.csproj", "{5B4F7DED-F00A-4E62-845C-C8A236990CD9}"
EndProject
Project("{9A19103F-16F7-4668-BE54-9A1E7A4F7556}") = "Services", "Services\Services.csproj", "{29757E22-E351-4089-9187-27E14C237DE6}"
EndProject
Project("{FAE04EC0-301F-11D3-BF4B-00C04F79EFBC}") = "Models", "Models\Models.csproj", "{03285BA6-8A8C-4D92-8283-3F1DFEF8F3BE}"
EndProject
Project("{FAE04EC0-301F-11D3-BF4B-00C04F79EFBC}") = "Enums", "Enums\Enums.csproj", "{74AC3E85-B710-4C33-97E5-B198F09CEB74}"
EndProject
Project("{FAE04EC0-301F-11D3-BF4B-00C04F79EFBC}") = "Tests", "Tests\Tests.csproj", "{1D857FE2-6D9A-4EC0-AEFA-7E1400CF0211}"
EndProject
Global
	GlobalSection(SolutionConfigurationPlatforms) = preSolution
		Debug|Any CPU = Debug|Any CPU
		Release|Any CPU = Release|Any CPU
	EndGlobalSection
	GlobalSection(ProjectConfigurationPlatforms) = postSolution
		{5B4F7DED-F00A-4E62-845C-C8A236990CD9}.Debug|Any CPU.ActiveCfg = Debug|Any CPU
		{5B4F7DED-F00A-4E62-845C-C8A236990CD9}.Debug|Any CPU.Build.0 = Debug|Any CPU
		{5B4F7DED-F00A-4E62-845C-C8A236990CD9}.Release|Any CPU.ActiveCfg = Release|Any CPU
		{5B4F7DED-F00A-4E62-845C-C8A236990CD9}.Release|Any CPU.Build.0 = Release|Any CPU
		{29757E22-E351-4089-9187-27E14C237DE6}.Debug|Any CPU.ActiveCfg = Debug|Any CPU
		{29757E22-E351-4089-9187-27E14C237DE6}.Debug|Any CPU.Build.0 = Debug|Any CPU
		{29757E22-E351-4089-9187-27E14C237DE6}.Release|Any CPU.ActiveCfg = Release|Any CPU
		{29757E22-E351-4089-9187-27E14C237DE6}.Release|Any CPU.Build.0 = Release|Any CPU
		{03285BA6-8A8C-4D92-8283-3F1DFEF8F3BE}.Debug|Any CPU.ActiveCfg = Debug|Any CPU
		{03285BA6-8A8C-4D92-8283-3F1DFEF8F3BE}.Debug|Any CPU.Build.0 = Debug|Any CPU
		{03285BA6-8A8C-4D92-8283-3F1DFEF8F3BE}.Release|Any CPU.ActiveCfg = Release|Any CPU
		{03285BA6-8A8C-4D92-8283-3F1DFEF8F3BE}.Release|Any CPU.Build.0 = Release|Any CPU
		{74AC3E85-B710-4C33-97E5-B198F09CEB74}.Debug|Any CPU.ActiveCfg = Debug|Any CPU
		{74AC3E85-B710-4C33-97E5-B198F09CEB74}.Debug|Any CPU.Build.0 = Debug|Any CPU
		{74AC3E85-B710-4C33-97E5-B198F09CEB74}.Release|Any CPU.ActiveCfg = Release|Any CPU
		{74AC3E85-B710-4C33-97E5-B198F09CEB74}.Release|Any CPU.Build.0 = Release|Any CPU
		{1D857FE2-6D9A-4EC0-AEFA-7E1400CF0211}.Debug|Any CPU.ActiveCfg = Debug|Any CPU
		{1D857FE2-6D9A-4EC0-AEFA-7E1400CF0211}.Debug|Any CPU.Build.0 = Debug|Any CPU
		{1D857FE2-6D9A-4EC0-AEFA-7E1400CF0211}.Release|Any CPU.ActiveCfg = Release|Any CPU
		{1D857FE2-6D9A-4EC0-AEFA-7E1400CF0211}.Release|Any CPU.Build.0 = Release|Any CPU
	EndGlobalSection
	GlobalSection(SolutionProperties) = preSolution
		HideSolutionNode = FALSE
	EndGlobalSection
	GlobalSection(ExtensibilityGlobals) = postSolution
		SolutionGuid = {87FBA57C-3C6A-4B2F-A249-C89FD12385AD}
	EndGlobalSection
EndGlobal
